// !$*UTF8*$!
{
	archiveVersion = 1;
	classes = {
	};
	objectVersion = 50;
	objects = {

/* Begin PBXBuildFile section */
		57B86E242417B76800BF0003 /* AppDelegate.swift in Sources */ = {isa = PBXBuildFile; fileRef = 57B86E232417B76800BF0003 /* AppDelegate.swift */; };
		57B86E262417B76800BF0003 /* SceneDelegate.swift in Sources */ = {isa = PBXBuildFile; fileRef = 57B86E252417B76800BF0003 /* SceneDelegate.swift */; };
		57B86E282417B76800BF0003 /* ViewController.swift in Sources */ = {isa = PBXBuildFile; fileRef = 57B86E272417B76800BF0003 /* ViewController.swift */; };
		57B86E2B2417B76800BF0003 /* Main.storyboard in Resources */ = {isa = PBXBuildFile; fileRef = 57B86E292417B76800BF0003 /* Main.storyboard */; };
		57B86E2D2417B76A00BF0003 /* Assets.xcassets in Resources */ = {isa = PBXBuildFile; fileRef = 57B86E2C2417B76A00BF0003 /* Assets.xcassets */; };
		57B86E302417B76A00BF0003 /* LaunchScreen.storyboard in Resources */ = {isa = PBXBuildFile; fileRef = 57B86E2E2417B76A00BF0003 /* LaunchScreen.storyboard */; };
		57B86E382417DBC100BF0003 /* PersonCell.swift in Sources */ = {isa = PBXBuildFile; fileRef = 57B86E372417DBC100BF0003 /* PersonCell.swift */; };
		57B86E3A2417E93F00BF0003 /* Person.swift in Sources */ = {isa = PBXBuildFile; fileRef = 57B86E392417E93F00BF0003 /* Person.swift */; };
/* End PBXBuildFile section */

/* Begin PBXFileReference section */
		57B86E202417B76800BF0003 /* Project10CollectionViews.app */ = {isa = PBXFileReference; explicitFileType = wrapper.application; includeInIndex = 0; path = Project10CollectionViews.app; sourceTree = BUILT_PRODUCTS_DIR; };
		57B86E232417B76800BF0003 /* AppDelegate.swift */ = {isa = PBXFileReference; lastKnownFileType = sourcecode.swift; path = AppDelegate.swift; sourceTree = "<group>"; };
		57B86E252417B76800BF0003 /* SceneDelegate.swift */ = {isa = PBXFileReference; lastKnownFileType = sourcecode.swift; path = SceneDelegate.swift; sourceTree = "<group>"; };
		57B86E272417B76800BF0003 /* ViewController.swift */ = {isa = PBXFileReference; lastKnownFileType = sourcecode.swift; path = ViewController.swift; sourceTree = "<group>"; };
		57B86E2A2417B76800BF0003 /* Base */ = {isa = PBXFileReference; lastKnownFileType = file.storyboard; name = Base; path = Base.lproj/Main.storyboard; sourceTree = "<group>"; };
		57B86E2C2417B76A00BF0003 /* Assets.xcassets */ = {isa = PBXFileReference; lastKnownFileType = folder.assetcatalog; path = Assets.xcassets; sourceTree = "<group>"; };
		57B86E2F2417B76A00BF0003 /* Base */ = {isa = PBXFileReference; lastKnownFileType = file.storyboard; name = Base; path = Base.lproj/LaunchScreen.storyboard; sourceTree = "<group>"; };
		57B86E312417B76A00BF0003 /* Info.plist */ = {isa = PBXFileReference; lastKnownFileType = text.plist.xml; path = Info.plist; sourceTree = "<group>"; };
		57B86E372417DBC100BF0003 /* PersonCell.swift */ = {isa = PBXFileReference; lastKnownFileType = sourcecode.swift; path = PersonCell.swift; sourceTree = "<group>"; };
		57B86E392417E93F00BF0003 /* Person.swift */ = {isa = PBXFileReference; lastKnownFileType = sourcecode.swift; path = Person.swift; sourceTree = "<group>"; };
/* End PBXFileReference section */

/* Begin PBXFrameworksBuildPhase section */
		57B86E1D2417B76800BF0003 /* Frameworks */ = {
			isa = PBXFrameworksBuildPhase;
			buildActionMask = 2147483647;
			files = (
			);
			runOnlyForDeploymentPostprocessing = 0;
		};
/* End PBXFrameworksBuildPhase section */

/* Begin PBXGroup section */
		57B86E172417B76800BF0003 = {
			isa = PBXGroup;
			children = (
				57B86E222417B76800BF0003 /* Project10CollectionViews */,
				57B86E212417B76800BF0003 /* Products */,
			);
			sourceTree = "<group>";
		};
		57B86E212417B76800BF0003 /* Products */ = {
			isa = PBXGroup;
			children = (
				57B86E202417B76800BF0003 /* Project10CollectionViews.app */,
			);
			name = Products;
			sourceTree = "<group>";
		};
		57B86E222417B76800BF0003 /* Project10CollectionViews */ = {
			isa = PBXGroup;
			children = (
				57B86E232417B76800BF0003 /* AppDelegate.swift */,
				57B86E252417B76800BF0003 /* SceneDelegate.swift */,
				57B86E272417B76800BF0003 /* ViewController.swift */,
				57B86E392417E93F00BF0003 /* Person.swift */,
				57B86E372417DBC100BF0003 /* PersonCell.swift */,
				57B86E292417B76800BF0003 /* Main.storyboard */,
				57B86E2C2417B76A00BF0003 /* Assets.xcassets */,
				57B86E2E2417B76A00BF0003 /* LaunchScreen.storyboard */,
				57B86E312417B76A00BF0003 /* Info.plist */,
			);
			path = Project10CollectionViews;
			sourceTree = "<group>";
		};
/* End PBXGroup section */

/* Begin PBXNativeTarget section */
		57B86E1F2417B76800BF0003 /* Project10CollectionViews */ = {
			isa = PBXNativeTarget;
			buildConfigurationList = 57B86E342417B76A00BF0003 /* Build configuration list for PBXNativeTarget "Project10CollectionViews" */;
			buildPhases = (
				57B86E1C2417B76800BF0003 /* Sources */,
				57B86E1D2417B76800BF0003 /* Frameworks */,
				57B86E1E2417B76800BF0003 /* Resources */,
			);
			buildRules = (
			);
			dependencies = (
			);
			name = Project10CollectionViews;
			productName = Project10CollectionViews;
			productReference = 57B86E202417B76800BF0003 /* Project10CollectionViews.app */;
			productType = "com.apple.product-type.application";
		};
/* End PBXNativeTarget section */

/* Begin PBXProject section */
		57B86E182417B76800BF0003 /* Project object */ = {
			isa = PBXProject;
			attributes = {
				LastSwiftUpdateCheck = 1130;
				LastUpgradeCheck = 1130;
				ORGANIZATIONNAME = "Ishaq Amin";
				TargetAttributes = {
					57B86E1F2417B76800BF0003 = {
						CreatedOnToolsVersion = 11.3.1;
					};
				};
			};
			buildConfigurationList = 57B86E1B2417B76800BF0003 /* Build configuration list for PBXProject "Project10CollectionViews" */;
			compatibilityVersion = "Xcode 9.3";
			developmentRegion = en;
			hasScannedForEncodings = 0;
			knownRegions = (
				en,
				Base,
			);
			mainGroup = 57B86E172417B76800BF0003;
			productRefGroup = 57B86E212417B76800BF0003 /* Products */;
			projectDirPath = "";
			projectRoot = "";
			targets = (
				57B86E1F2417B76800BF0003 /* Project10CollectionViews */,
			);
		};
/* End PBXProject section */

/* Begin PBXResourcesBuildPhase section */
		57B86E1E2417B76800BF0003 /* Resources */ = {
			isa = PBXResourcesBuildPhase;
			buildActionMask = 2147483647;
			files = (
				57B86E302417B76A00BF0003 /* LaunchScreen.storyboard in Resources */,
				57B86E2D2417B76A00BF0003 /* Assets.xcassets in Resources */,
				57B86E2B2417B76800BF0003 /* Main.storyboard in Resources */,
			);
			runOnlyForDeploymentPostprocessing = 0;
		};
/* End PBXResourcesBuildPhase section */

/* Begin PBXSourcesBuildPhase section */
		57B86E1C2417B76800BF0003 /* Sources */ = {
			isa = PBXSourcesBuildPhase;
			buildActionMask = 2147483647;
			files = (
				57B86E3A2417E93F00BF0003 /* Person.swift in Sources */,
				57B86E282417B76800BF0003 /* ViewController.swift in Sources */,
				57B86E242417B76800BF0003 /* AppDelegate.swift in Sources */,
				57B86E382417DBC100BF0003 /* PersonCell.swift in Sources */,
				57B86E262417B76800BF0003 /* SceneDelegate.swift in Sources */,
			);
			runOnlyForDeploymentPostprocessing = 0;
		};
/* End PBXSourcesBuildPhase section */

/* Begin PBXVariantGroup section */
		57B86E292417B76800BF0003 /* Main.storyboard */ = {
			isa = PBXVariantGroup;
			children = (
				57B86E2A2417B76800BF0003 /* Base */,
			);
			name = Main.storyboard;
			sourceTree = "<group>";
		};
		57B86E2E2417B76A00BF0003 /* LaunchScreen.storyboard */ = {
			isa = PBXVariantGroup;
			children = (
				57B86E2F2417B76A00BF0003 /* Base */,
			);
			name = LaunchScreen.storyboard;
			sourceTree = "<group>";
		};
/* End PBXVariantGroup section */

/* Begin XCBuildConfiguration section */
		57B86E322417B76A00BF0003 /* Debug */ = {
			isa = XCBuildConfiguration;
			buildSettings = {
				ALWAYS_SEARCH_USER_PATHS = NO;
				CLANG_ANALYZER_NONNULL = YES;
				CLANG_ANALYZER_NUMBER_OBJECT_CONVERSION = YES_AGGRESSIVE;
				CLANG_CXX_LANGUAGE_STANDARD = "gnu++14";
				CLANG_CXX_LIBRARY = "libc++";
				CLANG_ENABLE_MODULES = YES;
				CLANG_ENABLE_OBJC_ARC = YES;
				CLANG_ENABLE_OBJC_WEAK = YES;
				CLANG_WARN_BLOCK_CAPTURE_AUTORELEASING = YES;
				CLANG_WARN_BOOL_CONVERSION = YES;
				CLANG_WARN_COMMA = YES;
				CLANG_WARN_CONSTANT_CONVERSION = YES;
				CLANG_WARN_DEPRECATED_OBJC_IMPLEMENTATIONS = YES;
				CLANG_WARN_DIRECT_OBJC_ISA_USAGE = YES_ERROR;
				CLANG_WARN_DOCUMENTATION_COMMENTS = YES;
				CLANG_WARN_EMPTY_BODY = YES;
				CLANG_WARN_ENUM_CONVERSION = YES;
				CLANG_WARN_INFINITE_RECURSION = YES;
				CLANG_WARN_INT_CONVERSION = YES;
				CLANG_WARN_NON_LITERAL_NULL_CONVERSION = YES;
				CLANG_WARN_OBJC_IMPLICIT_RETAIN_SELF = YES;
				CLANG_WARN_OBJC_LITERAL_CONVERSION = YES;
				CLANG_WARN_OBJC_ROOT_CLASS = YES_ERROR;
				CLANG_WARN_RANGE_LOOP_ANALYSIS = YES;
				CLANG_WARN_STRICT_PROTOTYPES = YES;
				CLANG_WARN_SUSPICIOUS_MOVE = YES;
				CLANG_WARN_UNGUARDED_AVAILABILITY = YES_AGGRESSIVE;
				CLANG_WARN_UNREACHABLE_CODE = YES;
				CLANG_WARN__DUPLICATE_METHOD_MATCH = YES;
				COPY_PHASE_STRIP = NO;
				DEBUG_INFORMATION_FORMAT = dwarf;
				ENABLE_STRICT_OBJC_MSGSEND = YES;
				ENABLE_TESTABILITY = YES;
				GCC_C_LANGUAGE_STANDARD = gnu11;
				GCC_DYNAMIC_NO_PIC = NO;
				GCC_NO_COMMON_BLOCKS = YES;
				GCC_OPTIMIZATION_LEVEL = 0;
				GCC_PREPROCESSOR_DEFINITIONS = (
					"DEBUG=1",
					"$(inherited)",
				);
				GCC_WARN_64_TO_32_BIT_CONVERSION = YES;
				GCC_WARN_ABOUT_RETURN_TYPE = YES_ERROR;
				GCC_WARN_UNDECLARED_SELECTOR = YES;
				GCC_WARN_UNINITIALIZED_AUTOS = YES_AGGRESSIVE;
				GCC_WARN_UNUSED_FUNCTION = YES;
				GCC_WARN_UNUSED_VARIABLE = YES;
				IPHONEOS_DEPLOYMENT_TARGET = 13.2;
				MTL_ENABLE_DEBUG_INFO = INCLUDE_SOURCE;
				MTL_FAST_MATH = YES;
				ONLY_ACTIVE_ARCH = YES;
				SDKROOT = iphoneos;
				SWIFT_ACTIVE_COMPILATION_CONDITIONS = DEBUG;
				SWIFT_OPTIMIZATION_LEVEL = "-Onone";
			};
			name = Debug;
		};
		57B86E332417B76A00BF0003 /* Release */ = {
			isa = XCBuildConfiguration;
			buildSettings = {
				ALWAYS_SEARCH_USER_PATHS = NO;
				CLANG_ANALYZER_NONNULL = YES;
				CLANG_ANALYZER_NUMBER_OBJECT_CONVERSION = YES_AGGRESSIVE;
				CLANG_CXX_LANGUAGE_STANDARD = "gnu++14";
				CLANG_CXX_LIBRARY = "libc++";
				CLANG_ENABLE_MODULES = YES;
				CLANG_ENABLE_OBJC_ARC = YES;
				CLANG_ENABLE_OBJC_WEAK = YES;
				CLANG_WARN_BLOCK_CAPTURE_AUTORELEASING = YES;
				CLANG_WARN_BOOL_CONVERSION = YES;
				CLANG_WARN_COMMA = YES;
				CLANG_WARN_CONSTANT_CONVERSION = YES;
				CLANG_WARN_DEPRECATED_OBJC_IMPLEMENTATIONS = YES;
				CLANG_WARN_DIRECT_OBJC_ISA_USAGE = YES_ERROR;
				CLANG_WARN_DOCUMENTATION_COMMENTS = YES;
				CLANG_WARN_EMPTY_BODY = YES;
				CLANG_WARN_ENUM_CONVERSION = YES;
				CLANG_WARN_INFINITE_RECURSION = YES;
				CLANG_WARN_INT_CONVERSION = YES;
				CLANG_WARN_NON_LITERAL_NULL_CONVERSION = YES;
				CLANG_WARN_OBJC_IMPLICIT_RETAIN_SELF = YES;
				CLANG_WARN_OBJC_LITERAL_CONVERSION = YES;
				CLANG_WARN_OBJC_ROOT_CLASS = YES_ERROR;
				CLANG_WARN_RANGE_LOOP_ANALYSIS = YES;
				CLANG_WARN_STRICT_PROTOTYPES = YES;
				CLANG_WARN_SUSPICIOUS_MOVE = YES;
				CLANG_WARN_UNGUARDED_AVAILABILITY = YES_AGGRESSIVE;
				CLANG_WARN_UNREACHABLE_CODE = YES;
				CLANG_WARN__DUPLICATE_METHOD_MATCH = YES;
				COPY_PHASE_STRIP = NO;
				DEBUG_INFORMATION_FORMAT = "dwarf-with-dsym";
				ENABLE_NS_ASSERTIONS = NO;
				ENABLE_STRICT_OBJC_MSGSEND = YES;
				GCC_C_LANGUAGE_STANDARD = gnu11;
				GCC_NO_COMMON_BLOCKS = YES;
				GCC_WARN_64_TO_32_BIT_CONVERSION = YES;
				GCC_WARN_ABOUT_RETURN_TYPE = YES_ERROR;
				GCC_WARN_UNDECLARED_SELECTOR = YES;
				GCC_WARN_UNINITIALIZED_AUTOS = YES_AGGRESSIVE;
				GCC_WARN_UNUSED_FUNCTION = YES;
				GCC_WARN_UNUSED_VARIABLE = YES;
				IPHONEOS_DEPLOYMENT_TARGET = 13.2;
				MTL_ENABLE_DEBUG_INFO = NO;
				MTL_FAST_MATH = YES;
				SDKROOT = iphoneos;
				SWIFT_COMPILATION_MODE = wholemodule;
				SWIFT_OPTIMIZATION_LEVEL = "-O";
				VALIDATE_PRODUCT = YES;
			};
			name = Release;
		};
		57B86E352417B76A00BF0003 /* Debug */ = {
			isa = XCBuildConfiguration;
			buildSettings = {
				ASSETCATALOG_COMPILER_APPICON_NAME = AppIcon;
				CODE_SIGN_STYLE = Automatic;
				DEVELOPMENT_TEAM = 9WZ2UFK7U5;
				INFOPLIST_FILE = Project10CollectionViews/Info.plist;
				LD_RUNPATH_SEARCH_PATHS = (
					"$(inherited)",
					"@executable_path/Frameworks",
				);
				PRODUCT_BUNDLE_IDENTIFIER = Zack.Project10CollectionViews;
				PRODUCT_NAME = "$(TARGET_NAME)";
				SWIFT_VERSION = 5.0;
				TARGETED_DEVICE_FAMILY = "1,2";
			};
			name = Debug;
		};
		57B86E362417B76A00BF0003 /* Release */ = {
			isa = XCBuildConfiguration;
			buildSettings = {
				ASSETCATALOG_COMPILER_APPICON_NAME = AppIcon;
				CODE_SIGN_STYLE = Automatic;
				DEVELOPMENT_TEAM = 9WZ2UFK7U5;
				INFOPLIST_FILE = Project10CollectionViews/Info.plist;
				LD_RUNPATH_SEARCH_PATHS = (
					"$(inherited)",
					"@executable_path/Frameworks",
				);
				PRODUCT_BUNDLE_IDENTIFIER = Zack.Project10CollectionViews;
				PRODUCT_NAME = "$(TARGET_NAME)";
				SWIFT_VERSION = 5.0;
				TARGETED_DEVICE_FAMILY = "1,2";
			};
			name = Release;
		};
/* End XCBuildConfiguration section */

/* Begin XCConfigurationList section */
		57B86E1B2417B76800BF0003 /* Build configuration list for PBXProject "Project10CollectionViews" */ = {
			isa = XCConfigurationList;
			buildConfigurations = (
				57B86E322417B76A00BF0003 /* Debug */,
				57B86E332417B76A00BF0003 /* Release */,
			);
			defaultConfigurationIsVisible = 0;
			defaultConfigurationName = Release;
		};
		57B86E342417B76A00BF0003 /* Build configuration list for PBXNativeTarget "Project10CollectionViews" */ = {
			isa = XCConfigurationList;
			buildConfigurations = (
				57B86E352417B76A00BF0003 /* Debug */,
				57B86E362417B76A00BF0003 /* Release */,
			);
			defaultConfigurationIsVisible = 0;
			defaultConfigurationName = Release;
		};
/* End XCConfigurationList section */
	};
	rootObject = 57B86E182417B76800BF0003 /* Project object */;
}
